// !$*UTF8*$!
{
	archiveVersion = 1;
	classes = {
	};
	objectVersion = 56;
	objects = {

/* Begin PBXBuildFile section */
		6438CA932A305591003FDD2E /* AppDelegate.swift in Sources */ = {isa = PBXBuildFile; fileRef = 6438CA922A305591003FDD2E /* AppDelegate.swift */; };
		6438CA952A305591003FDD2E /* SceneDelegate.swift in Sources */ = {isa = PBXBuildFile; fileRef = 6438CA942A305591003FDD2E /* SceneDelegate.swift */; };
		6438CA972A305591003FDD2E /* ViewController.swift in Sources */ = {isa = PBXBuildFile; fileRef = 6438CA962A305591003FDD2E /* ViewController.swift */; };
		6438CA9A2A305591003FDD2E /* Main.storyboard in Resources */ = {isa = PBXBuildFile; fileRef = 6438CA982A305591003FDD2E /* Main.storyboard */; };
		6438CA9C2A305592003FDD2E /* Assets.xcassets in Resources */ = {isa = PBXBuildFile; fileRef = 6438CA9B2A305592003FDD2E /* Assets.xcassets */; };
		6438CA9F2A305592003FDD2E /* LaunchScreen.storyboard in Resources */ = {isa = PBXBuildFile; fileRef = 6438CA9D2A305592003FDD2E /* LaunchScreen.storyboard */; };
		645495552A59B57A0052A2E9 /* SkeletonView in Frameworks */ = {isa = PBXBuildFile; productRef = 645495542A59B57A0052A2E9 /* SkeletonView */; };
		645495572A5A954E0052A2E9 /* ProductInfo.swift in Sources */ = {isa = PBXBuildFile; fileRef = 645495562A5A954E0052A2E9 /* ProductInfo.swift */; };
		64A6A12B2A55AA2900CA3BA2 /* Collections in Frameworks */ = {isa = PBXBuildFile; productRef = 64A6A12A2A55AA2900CA3BA2 /* Collections */; };
		64A6A12D2A55AA2900CA3BA2 /* OrderedCollections in Frameworks */ = {isa = PBXBuildFile; productRef = 64A6A12C2A55AA2900CA3BA2 /* OrderedCollections */; };
		64A6A12F2A55C1A400CA3BA2 /* CategoryViewController.swift in Sources */ = {isa = PBXBuildFile; fileRef = 64A6A12E2A55C1A400CA3BA2 /* CategoryViewController.swift */; };
		64C5FD732A5E4906006F45F2 /* ContextMenuSwift in Frameworks */ = {isa = PBXBuildFile; productRef = 64C5FD722A5E4906006F45F2 /* ContextMenuSwift */; };
		64C5FD7E2A5EB06D006F45F2 /* Realm in Frameworks */ = {isa = PBXBuildFile; productRef = 64C5FD7D2A5EB06D006F45F2 /* Realm */; };
		64C5FD802A5EB06D006F45F2 /* RealmSwift in Frameworks */ = {isa = PBXBuildFile; productRef = 64C5FD7F2A5EB06D006F45F2 /* RealmSwift */; };
		64C5FD822A5EC10F006F45F2 /* CartViewController.swift in Sources */ = {isa = PBXBuildFile; fileRef = 64C5FD812A5EC10F006F45F2 /* CartViewController.swift */; };
		64D0006A2A4140BC002FE32C /* HomeViewController.swift in Sources */ = {isa = PBXBuildFile; fileRef = 64D000692A4140BC002FE32C /* HomeViewController.swift */; };
		64D0006C2A4155EA002FE32C /* ComparePriceViewController.swift in Sources */ = {isa = PBXBuildFile; fileRef = 64D0006B2A4155EA002FE32C /* ComparePriceViewController.swift */; };
		64D0006E2A4167A3002FE32C /* RegisterViewController.swift in Sources */ = {isa = PBXBuildFile; fileRef = 64D0006D2A4167A3002FE32C /* RegisterViewController.swift */; };
		64D000702A416BA1002FE32C /* GoogleService-Info.plist in Resources */ = {isa = PBXBuildFile; fileRef = 64D0006F2A416BA1002FE32C /* GoogleService-Info.plist */; };
		64D000732A416F20002FE32C /* FirebaseAnalytics in Frameworks */ = {isa = PBXBuildFile; productRef = 64D000722A416F20002FE32C /* FirebaseAnalytics */; };
		64D000752A416F20002FE32C /* FirebaseAnalyticsSwift in Frameworks */ = {isa = PBXBuildFile; productRef = 64D000742A416F20002FE32C /* FirebaseAnalyticsSwift */; };
		64D000772A416F20002FE32C /* FirebaseAuth in Frameworks */ = {isa = PBXBuildFile; productRef = 64D000762A416F20002FE32C /* FirebaseAuth */; };
		64D000792A416F20002FE32C /* FirebaseAuthCombine-Community in Frameworks */ = {isa = PBXBuildFile; productRef = 64D000782A416F20002FE32C /* FirebaseAuthCombine-Community */; };
		64D0007B2A416F20002FE32C /* FirebaseDatabase in Frameworks */ = {isa = PBXBuildFile; productRef = 64D0007A2A416F20002FE32C /* FirebaseDatabase */; };
		64D0007D2A416F20002FE32C /* FirebaseDatabaseSwift in Frameworks */ = {isa = PBXBuildFile; productRef = 64D0007C2A416F20002FE32C /* FirebaseDatabaseSwift */; };
		64D0007F2A416F20002FE32C /* FirebaseFirestore in Frameworks */ = {isa = PBXBuildFile; productRef = 64D0007E2A416F20002FE32C /* FirebaseFirestore */; };
		64D000812A416F20002FE32C /* FirebaseFirestoreCombine-Community in Frameworks */ = {isa = PBXBuildFile; productRef = 64D000802A416F20002FE32C /* FirebaseFirestoreCombine-Community */; };
		64D000832A416F20002FE32C /* FirebaseFirestoreSwift in Frameworks */ = {isa = PBXBuildFile; productRef = 64D000822A416F20002FE32C /* FirebaseFirestoreSwift */; };
		64D000852A417B9A002FE32C /* ProductListViewController.swift in Sources */ = {isa = PBXBuildFile; fileRef = 64D000842A417B9A002FE32C /* ProductListViewController.swift */; };
		64D000872A427A74002FE32C /* LoginViewController.swift in Sources */ = {isa = PBXBuildFile; fileRef = 64D000862A427A74002FE32C /* LoginViewController.swift */; };
/* End PBXBuildFile section */

/* Begin PBXFileReference section */
		6438CA8F2A305591003FDD2E /* Price.app */ = {isa = PBXFileReference; explicitFileType = wrapper.application; includeInIndex = 0; path = Price.app; sourceTree = BUILT_PRODUCTS_DIR; };
		6438CA922A305591003FDD2E /* AppDelegate.swift */ = {isa = PBXFileReference; lastKnownFileType = sourcecode.swift; path = AppDelegate.swift; sourceTree = "<group>"; };
		6438CA942A305591003FDD2E /* SceneDelegate.swift */ = {isa = PBXFileReference; lastKnownFileType = sourcecode.swift; path = SceneDelegate.swift; sourceTree = "<group>"; };
		6438CA962A305591003FDD2E /* ViewController.swift */ = {isa = PBXFileReference; lastKnownFileType = sourcecode.swift; path = ViewController.swift; sourceTree = "<group>"; };
		6438CA992A305591003FDD2E /* Base */ = {isa = PBXFileReference; lastKnownFileType = file.storyboard; name = Base; path = Base.lproj/Main.storyboard; sourceTree = "<group>"; };
		6438CA9B2A305592003FDD2E /* Assets.xcassets */ = {isa = PBXFileReference; lastKnownFileType = folder.assetcatalog; path = Assets.xcassets; sourceTree = "<group>"; };
		6438CA9E2A305592003FDD2E /* Base */ = {isa = PBXFileReference; lastKnownFileType = file.storyboard; name = Base; path = Base.lproj/LaunchScreen.storyboard; sourceTree = "<group>"; };
		6438CAA02A305592003FDD2E /* Info.plist */ = {isa = PBXFileReference; lastKnownFileType = text.plist.xml; path = Info.plist; sourceTree = "<group>"; };
		645495562A5A954E0052A2E9 /* ProductInfo.swift */ = {isa = PBXFileReference; lastKnownFileType = sourcecode.swift; path = ProductInfo.swift; sourceTree = "<group>"; };
		64A6A12E2A55C1A400CA3BA2 /* CategoryViewController.swift */ = {isa = PBXFileReference; lastKnownFileType = sourcecode.swift; path = CategoryViewController.swift; sourceTree = "<group>"; };
		64C5FD812A5EC10F006F45F2 /* CartViewController.swift */ = {isa = PBXFileReference; lastKnownFileType = sourcecode.swift; path = CartViewController.swift; sourceTree = "<group>"; };
		64D000692A4140BC002FE32C /* HomeViewController.swift */ = {isa = PBXFileReference; lastKnownFileType = sourcecode.swift; path = HomeViewController.swift; sourceTree = "<group>"; };
		64D0006B2A4155EA002FE32C /* ComparePriceViewController.swift */ = {isa = PBXFileReference; lastKnownFileType = sourcecode.swift; path = ComparePriceViewController.swift; sourceTree = "<group>"; };
		64D0006D2A4167A3002FE32C /* RegisterViewController.swift */ = {isa = PBXFileReference; lastKnownFileType = sourcecode.swift; path = RegisterViewController.swift; sourceTree = "<group>"; };
		64D0006F2A416BA1002FE32C /* GoogleService-Info.plist */ = {isa = PBXFileReference; fileEncoding = 4; lastKnownFileType = text.plist.xml; path = "GoogleService-Info.plist"; sourceTree = "<group>"; };
		64D000842A417B9A002FE32C /* ProductListViewController.swift */ = {isa = PBXFileReference; lastKnownFileType = sourcecode.swift; path = ProductListViewController.swift; sourceTree = "<group>"; };
		64D000862A427A74002FE32C /* LoginViewController.swift */ = {isa = PBXFileReference; lastKnownFileType = sourcecode.swift; path = LoginViewController.swift; sourceTree = "<group>"; };
/* End PBXFileReference section */

/* Begin PBXFrameworksBuildPhase section */
		6438CA8C2A305591003FDD2E /* Frameworks */ = {
			isa = PBXFrameworksBuildPhase;
			buildActionMask = 2147483647;
			files = (
				64C5FD7E2A5EB06D006F45F2 /* Realm in Frameworks */,
				64D0007D2A416F20002FE32C /* FirebaseDatabaseSwift in Frameworks */,
				64D000752A416F20002FE32C /* FirebaseAnalyticsSwift in Frameworks */,
				64C5FD802A5EB06D006F45F2 /* RealmSwift in Frameworks */,
				64D000792A416F20002FE32C /* FirebaseAuthCombine-Community in Frameworks */,
				64D000812A416F20002FE32C /* FirebaseFirestoreCombine-Community in Frameworks */,
				64D000772A416F20002FE32C /* FirebaseAuth in Frameworks */,
				64D000832A416F20002FE32C /* FirebaseFirestoreSwift in Frameworks */,
				64A6A12B2A55AA2900CA3BA2 /* Collections in Frameworks */,
				645495552A59B57A0052A2E9 /* SkeletonView in Frameworks */,
				64D0007F2A416F20002FE32C /* FirebaseFirestore in Frameworks */,
				64D0007B2A416F20002FE32C /* FirebaseDatabase in Frameworks */,
				64A6A12D2A55AA2900CA3BA2 /* OrderedCollections in Frameworks */,
				64C5FD732A5E4906006F45F2 /* ContextMenuSwift in Frameworks */,
				64D000732A416F20002FE32C /* FirebaseAnalytics in Frameworks */,
			);
			runOnlyForDeploymentPostprocessing = 0;
		};
/* End PBXFrameworksBuildPhase section */

/* Begin PBXGroup section */
		6438CA862A305591003FDD2E = {
			isa = PBXGroup;
			children = (
				6438CA912A305591003FDD2E /* Price */,
				6438CA902A305591003FDD2E /* Products */,
			);
			sourceTree = "<group>";
		};
		6438CA902A305591003FDD2E /* Products */ = {
			isa = PBXGroup;
			children = (
				6438CA8F2A305591003FDD2E /* Price.app */,
			);
			name = Products;
			sourceTree = "<group>";
		};
		6438CA912A305591003FDD2E /* Price */ = {
			isa = PBXGroup;
			children = (
				6438CA922A305591003FDD2E /* AppDelegate.swift */,
				6438CA942A305591003FDD2E /* SceneDelegate.swift */,
				6438CA962A305591003FDD2E /* ViewController.swift */,
				6438CA982A305591003FDD2E /* Main.storyboard */,
				6438CA9B2A305592003FDD2E /* Assets.xcassets */,
				6438CA9D2A305592003FDD2E /* LaunchScreen.storyboard */,
				6438CAA02A305592003FDD2E /* Info.plist */,
				64D000692A4140BC002FE32C /* HomeViewController.swift */,
				64A6A12E2A55C1A400CA3BA2 /* CategoryViewController.swift */,
				64D0006B2A4155EA002FE32C /* ComparePriceViewController.swift */,
				64C5FD812A5EC10F006F45F2 /* CartViewController.swift */,
				64D0006D2A4167A3002FE32C /* RegisterViewController.swift */,
				64D0006F2A416BA1002FE32C /* GoogleService-Info.plist */,
				64D000862A427A74002FE32C /* LoginViewController.swift */,
				64D000842A417B9A002FE32C /* ProductListViewController.swift */,
				645495562A5A954E0052A2E9 /* ProductInfo.swift */,
			);
			path = Price;
			sourceTree = "<group>";
		};
/* End PBXGroup section */

/* Begin PBXNativeTarget section */
		6438CA8E2A305591003FDD2E /* Price */ = {
			isa = PBXNativeTarget;
			buildConfigurationList = 6438CAA32A305592003FDD2E /* Build configuration list for PBXNativeTarget "Price" */;
			buildPhases = (
				6438CA8B2A305591003FDD2E /* Sources */,
				6438CA8C2A305591003FDD2E /* Frameworks */,
				6438CA8D2A305591003FDD2E /* Resources */,
			);
			buildRules = (
			);
			dependencies = (
			);
			name = Price;
			packageProductDependencies = (
				64D000722A416F20002FE32C /* FirebaseAnalytics */,
				64D000742A416F20002FE32C /* FirebaseAnalyticsSwift */,
				64D000762A416F20002FE32C /* FirebaseAuth */,
				64D000782A416F20002FE32C /* FirebaseAuthCombine-Community */,
				64D0007A2A416F20002FE32C /* FirebaseDatabase */,
				64D0007C2A416F20002FE32C /* FirebaseDatabaseSwift */,
				64D0007E2A416F20002FE32C /* FirebaseFirestore */,
				64D000802A416F20002FE32C /* FirebaseFirestoreCombine-Community */,
				64D000822A416F20002FE32C /* FirebaseFirestoreSwift */,
				64A6A12A2A55AA2900CA3BA2 /* Collections */,
				64A6A12C2A55AA2900CA3BA2 /* OrderedCollections */,
				645495542A59B57A0052A2E9 /* SkeletonView */,
				64C5FD722A5E4906006F45F2 /* ContextMenuSwift */,
				64C5FD7D2A5EB06D006F45F2 /* Realm */,
				64C5FD7F2A5EB06D006F45F2 /* RealmSwift */,
			);
			productName = Price;
			productReference = 6438CA8F2A305591003FDD2E /* Price.app */;
			productType = "com.apple.product-type.application";
		};
/* End PBXNativeTarget section */

/* Begin PBXProject section */
		6438CA872A305591003FDD2E /* Project object */ = {
			isa = PBXProject;
			attributes = {
				BuildIndependentTargetsInParallel = 1;
				LastSwiftUpdateCheck = 1430;
				LastUpgradeCheck = 1430;
				TargetAttributes = {
					6438CA8E2A305591003FDD2E = {
						CreatedOnToolsVersion = 14.3;
					};
				};
			};
			buildConfigurationList = 6438CA8A2A305591003FDD2E /* Build configuration list for PBXProject "Price" */;
			compatibilityVersion = "Xcode 14.0";
			developmentRegion = en;
			hasScannedForEncodings = 0;
			knownRegions = (
				en,
				Base,
			);
			mainGroup = 6438CA862A305591003FDD2E;
			packageReferences = (
				64D000712A416F20002FE32C /* XCRemoteSwiftPackageReference "firebase-ios-sdk" */,
				64A6A1292A55AA2800CA3BA2 /* XCRemoteSwiftPackageReference "swift-collections" */,
				645495532A59B57A0052A2E9 /* XCRemoteSwiftPackageReference "SkeletonView" */,
				64C5FD712A5E4906006F45F2 /* XCRemoteSwiftPackageReference "ContextMenuSwift" */,
				64C5FD7C2A5EB06D006F45F2 /* XCRemoteSwiftPackageReference "realm-swift" */,
			);
			productRefGroup = 6438CA902A305591003FDD2E /* Products */;
			projectDirPath = "";
			projectRoot = "";
			targets = (
				6438CA8E2A305591003FDD2E /* Price */,
			);
		};
/* End PBXProject section */

/* Begin PBXResourcesBuildPhase section */
		6438CA8D2A305591003FDD2E /* Resources */ = {
			isa = PBXResourcesBuildPhase;
			buildActionMask = 2147483647;
			files = (
				6438CA9F2A305592003FDD2E /* LaunchScreen.storyboard in Resources */,
				64D000702A416BA1002FE32C /* GoogleService-Info.plist in Resources */,
				6438CA9C2A305592003FDD2E /* Assets.xcassets in Resources */,
				6438CA9A2A305591003FDD2E /* Main.storyboard in Resources */,
			);
			runOnlyForDeploymentPostprocessing = 0;
		};
/* End PBXResourcesBuildPhase section */

/* Begin PBXSourcesBuildPhase section */
		6438CA8B2A305591003FDD2E /* Sources */ = {
			isa = PBXSourcesBuildPhase;
			buildActionMask = 2147483647;
			files = (
				64D0006C2A4155EA002FE32C /* ComparePriceViewController.swift in Sources */,
				6438CA972A305591003FDD2E /* ViewController.swift in Sources */,
				64D000852A417B9A002FE32C /* ProductListViewController.swift in Sources */,
				645495572A5A954E0052A2E9 /* ProductInfo.swift in Sources */,
				6438CA932A305591003FDD2E /* AppDelegate.swift in Sources */,
				64D000872A427A74002FE32C /* LoginViewController.swift in Sources */,
				64D0006E2A4167A3002FE32C /* RegisterViewController.swift in Sources */,
				64C5FD822A5EC10F006F45F2 /* CartViewController.swift in Sources */,
				6438CA952A305591003FDD2E /* SceneDelegate.swift in Sources */,
				64A6A12F2A55C1A400CA3BA2 /* CategoryViewController.swift in Sources */,
				64D0006A2A4140BC002FE32C /* HomeViewController.swift in Sources */,
			);
			runOnlyForDeploymentPostprocessing = 0;
		};
/* End PBXSourcesBuildPhase section */

/* Begin PBXVariantGroup section */
		6438CA982A305591003FDD2E /* Main.storyboard */ = {
			isa = PBXVariantGroup;
			children = (
				6438CA992A305591003FDD2E /* Base */,
			);
			name = Main.storyboard;
			sourceTree = "<group>";
		};
		6438CA9D2A305592003FDD2E /* LaunchScreen.storyboard */ = {
			isa = PBXVariantGroup;
			children = (
				6438CA9E2A305592003FDD2E /* Base */,
			);
			name = LaunchScreen.storyboard;
			sourceTree = "<group>";
		};
/* End PBXVariantGroup section */

/* Begin XCBuildConfiguration section */
		6438CAA12A305592003FDD2E /* Debug */ = {
			isa = XCBuildConfiguration;
			buildSettings = {
				ALWAYS_SEARCH_USER_PATHS = NO;
				CLANG_ANALYZER_NONNULL = YES;
				CLANG_ANALYZER_NUMBER_OBJECT_CONVERSION = YES_AGGRESSIVE;
				CLANG_CXX_LANGUAGE_STANDARD = "gnu++20";
				CLANG_ENABLE_MODULES = YES;
				CLANG_ENABLE_OBJC_ARC = YES;
				CLANG_ENABLE_OBJC_WEAK = YES;
				CLANG_WARN_BLOCK_CAPTURE_AUTORELEASING = YES;
				CLANG_WARN_BOOL_CONVERSION = YES;
				CLANG_WARN_COMMA = YES;
				CLANG_WARN_CONSTANT_CONVERSION = YES;
				CLANG_WARN_DEPRECATED_OBJC_IMPLEMENTATIONS = YES;
				CLANG_WARN_DIRECT_OBJC_ISA_USAGE = YES_ERROR;
				CLANG_WARN_DOCUMENTATION_COMMENTS = YES;
				CLANG_WARN_EMPTY_BODY = YES;
				CLANG_WARN_ENUM_CONVERSION = YES;
				CLANG_WARN_INFINITE_RECURSION = YES;
				CLANG_WARN_INT_CONVERSION = YES;
				CLANG_WARN_NON_LITERAL_NULL_CONVERSION = YES;
				CLANG_WARN_OBJC_IMPLICIT_RETAIN_SELF = YES;
				CLANG_WARN_OBJC_LITERAL_CONVERSION = YES;
				CLANG_WARN_OBJC_ROOT_CLASS = YES_ERROR;
				CLANG_WARN_QUOTED_INCLUDE_IN_FRAMEWORK_HEADER = YES;
				CLANG_WARN_RANGE_LOOP_ANALYSIS = YES;
				CLANG_WARN_STRICT_PROTOTYPES = YES;
				CLANG_WARN_SUSPICIOUS_MOVE = YES;
				CLANG_WARN_UNGUARDED_AVAILABILITY = YES_AGGRESSIVE;
				CLANG_WARN_UNREACHABLE_CODE = YES;
				CLANG_WARN__DUPLICATE_METHOD_MATCH = YES;
				COPY_PHASE_STRIP = NO;
				DEBUG_INFORMATION_FORMAT = dwarf;
				ENABLE_STRICT_OBJC_MSGSEND = YES;
				ENABLE_TESTABILITY = YES;
				GCC_C_LANGUAGE_STANDARD = gnu11;
				GCC_DYNAMIC_NO_PIC = NO;
				GCC_NO_COMMON_BLOCKS = YES;
				GCC_OPTIMIZATION_LEVEL = 0;
				GCC_PREPROCESSOR_DEFINITIONS = (
					"DEBUG=1",
					"$(inherited)",
				);
				GCC_WARN_64_TO_32_BIT_CONVERSION = YES;
				GCC_WARN_ABOUT_RETURN_TYPE = YES_ERROR;
				GCC_WARN_UNDECLARED_SELECTOR = YES;
				GCC_WARN_UNINITIALIZED_AUTOS = YES_AGGRESSIVE;
				GCC_WARN_UNUSED_FUNCTION = YES;
				GCC_WARN_UNUSED_VARIABLE = YES;
				IPHONEOS_DEPLOYMENT_TARGET = 16.4;
				MTL_ENABLE_DEBUG_INFO = INCLUDE_SOURCE;
				MTL_FAST_MATH = YES;
				ONLY_ACTIVE_ARCH = YES;
				SDKROOT = iphoneos;
				SWIFT_ACTIVE_COMPILATION_CONDITIONS = DEBUG;
				SWIFT_OPTIMIZATION_LEVEL = "-Onone";
			};
			name = Debug;
		};
		6438CAA22A305592003FDD2E /* Release */ = {
			isa = XCBuildConfiguration;
			buildSettings = {
				ALWAYS_SEARCH_USER_PATHS = NO;
				CLANG_ANALYZER_NONNULL = YES;
				CLANG_ANALYZER_NUMBER_OBJECT_CONVERSION = YES_AGGRESSIVE;
				CLANG_CXX_LANGUAGE_STANDARD = "gnu++20";
				CLANG_ENABLE_MODULES = YES;
				CLANG_ENABLE_OBJC_ARC = YES;
				CLANG_ENABLE_OBJC_WEAK = YES;
				CLANG_WARN_BLOCK_CAPTURE_AUTORELEASING = YES;
				CLANG_WARN_BOOL_CONVERSION = YES;
				CLANG_WARN_COMMA = YES;
				CLANG_WARN_CONSTANT_CONVERSION = YES;
				CLANG_WARN_DEPRECATED_OBJC_IMPLEMENTATIONS = YES;
				CLANG_WARN_DIRECT_OBJC_ISA_USAGE = YES_ERROR;
				CLANG_WARN_DOCUMENTATION_COMMENTS = YES;
				CLANG_WARN_EMPTY_BODY = YES;
				CLANG_WARN_ENUM_CONVERSION = YES;
				CLANG_WARN_INFINITE_RECURSION = YES;
				CLANG_WARN_INT_CONVERSION = YES;
				CLANG_WARN_NON_LITERAL_NULL_CONVERSION = YES;
				CLANG_WARN_OBJC_IMPLICIT_RETAIN_SELF = YES;
				CLANG_WARN_OBJC_LITERAL_CONVERSION = YES;
				CLANG_WARN_OBJC_ROOT_CLASS = YES_ERROR;
				CLANG_WARN_QUOTED_INCLUDE_IN_FRAMEWORK_HEADER = YES;
				CLANG_WARN_RANGE_LOOP_ANALYSIS = YES;
				CLANG_WARN_STRICT_PROTOTYPES = YES;
				CLANG_WARN_SUSPICIOUS_MOVE = YES;
				CLANG_WARN_UNGUARDED_AVAILABILITY = YES_AGGRESSIVE;
				CLANG_WARN_UNREACHABLE_CODE = YES;
				CLANG_WARN__DUPLICATE_METHOD_MATCH = YES;
				COPY_PHASE_STRIP = NO;
				DEBUG_INFORMATION_FORMAT = "dwarf-with-dsym";
				ENABLE_NS_ASSERTIONS = NO;
				ENABLE_STRICT_OBJC_MSGSEND = YES;
				GCC_C_LANGUAGE_STANDARD = gnu11;
				GCC_NO_COMMON_BLOCKS = YES;
				GCC_WARN_64_TO_32_BIT_CONVERSION = YES;
				GCC_WARN_ABOUT_RETURN_TYPE = YES_ERROR;
				GCC_WARN_UNDECLARED_SELECTOR = YES;
				GCC_WARN_UNINITIALIZED_AUTOS = YES_AGGRESSIVE;
				GCC_WARN_UNUSED_FUNCTION = YES;
				GCC_WARN_UNUSED_VARIABLE = YES;
				IPHONEOS_DEPLOYMENT_TARGET = 16.4;
				MTL_ENABLE_DEBUG_INFO = NO;
				MTL_FAST_MATH = YES;
				SDKROOT = iphoneos;
				SWIFT_COMPILATION_MODE = wholemodule;
				SWIFT_OPTIMIZATION_LEVEL = "-O";
				VALIDATE_PRODUCT = YES;
			};
			name = Release;
		};
		6438CAA42A305592003FDD2E /* Debug */ = {
			isa = XCBuildConfiguration;
			buildSettings = {
				ASSETCATALOG_COMPILER_APPICON_NAME = AppIcon;
				ASSETCATALOG_COMPILER_GLOBAL_ACCENT_COLOR_NAME = AccentColor;
				CODE_SIGN_STYLE = Automatic;
				CURRENT_PROJECT_VERSION = 1;
				DEVELOPMENT_TEAM = MQ38WHYXCG;
				GENERATE_INFOPLIST_FILE = YES;
				INFOPLIST_FILE = Price/Info.plist;
				INFOPLIST_KEY_UIApplicationSupportsIndirectInputEvents = YES;
				INFOPLIST_KEY_UILaunchStoryboardName = LaunchScreen;
				INFOPLIST_KEY_UIMainStoryboardFile = Main;
				INFOPLIST_KEY_UISupportedInterfaceOrientations_iPad = "UIInterfaceOrientationPortrait UIInterfaceOrientationPortraitUpsideDown UIInterfaceOrientationLandscapeLeft UIInterfaceOrientationLandscapeRight";
				INFOPLIST_KEY_UISupportedInterfaceOrientations_iPhone = "UIInterfaceOrientationPortrait UIInterfaceOrientationLandscapeLeft UIInterfaceOrientationLandscapeRight";
				LD_RUNPATH_SEARCH_PATHS = (
					"$(inherited)",
					"@executable_path/Frameworks",
				);
				MARKETING_VERSION = 1.0;
				PRODUCT_BUNDLE_IDENTIFIER = app.hamano.kemari.Price;
				PRODUCT_NAME = "$(TARGET_NAME)";
				SWIFT_EMIT_LOC_STRINGS = YES;
				SWIFT_VERSION = 5.0;
				TARGETED_DEVICE_FAMILY = "1,2";
			};
			name = Debug;
		};
		6438CAA52A305592003FDD2E /* Release */ = {
			isa = XCBuildConfiguration;
			buildSettings = {
				ASSETCATALOG_COMPILER_APPICON_NAME = AppIcon;
				ASSETCATALOG_COMPILER_GLOBAL_ACCENT_COLOR_NAME = AccentColor;
				CODE_SIGN_STYLE = Automatic;
				CURRENT_PROJECT_VERSION = 1;
				DEVELOPMENT_TEAM = MQ38WHYXCG;
				GENERATE_INFOPLIST_FILE = YES;
				INFOPLIST_FILE = Price/Info.plist;
				INFOPLIST_KEY_UIApplicationSupportsIndirectInputEvents = YES;
				INFOPLIST_KEY_UILaunchStoryboardName = LaunchScreen;
				INFOPLIST_KEY_UIMainStoryboardFile = Main;
				INFOPLIST_KEY_UISupportedInterfaceOrientations_iPad = "UIInterfaceOrientationPortrait UIInterfaceOrientationPortraitUpsideDown UIInterfaceOrientationLandscapeLeft UIInterfaceOrientationLandscapeRight";
				INFOPLIST_KEY_UISupportedInterfaceOrientations_iPhone = "UIInterfaceOrientationPortrait UIInterfaceOrientationLandscapeLeft UIInterfaceOrientationLandscapeRight";
				LD_RUNPATH_SEARCH_PATHS = (
					"$(inherited)",
					"@executable_path/Frameworks",
				);
				MARKETING_VERSION = 1.0;
				PRODUCT_BUNDLE_IDENTIFIER = app.hamano.kemari.Price;
				PRODUCT_NAME = "$(TARGET_NAME)";
				SWIFT_EMIT_LOC_STRINGS = YES;
				SWIFT_VERSION = 5.0;
				TARGETED_DEVICE_FAMILY = "1,2";
			};
			name = Release;
		};
/* End XCBuildConfiguration section */

/* Begin XCConfigurationList section */
		6438CA8A2A305591003FDD2E /* Build configuration list for PBXProject "Price" */ = {
			isa = XCConfigurationList;
			buildConfigurations = (
				6438CAA12A305592003FDD2E /* Debug */,
				6438CAA22A305592003FDD2E /* Release */,
			);
			defaultConfigurationIsVisible = 0;
			defaultConfigurationName = Release;
		};
		6438CAA32A305592003FDD2E /* Build configuration list for PBXNativeTarget "Price" */ = {
			isa = XCConfigurationList;
			buildConfigurations = (
				6438CAA42A305592003FDD2E /* Debug */,
				6438CAA52A305592003FDD2E /* Release */,
			);
			defaultConfigurationIsVisible = 0;
			defaultConfigurationName = Release;
		};
/* End XCConfigurationList section */

/* Begin XCRemoteSwiftPackageReference section */
		645495532A59B57A0052A2E9 /* XCRemoteSwiftPackageReference "SkeletonView" */ = {
			isa = XCRemoteSwiftPackageReference;
			repositoryURL = "https://github.com/Juanpe/SkeletonView";
			requirement = {
				kind = upToNextMajorVersion;
				minimumVersion = 1.0.0;
			};
		};
		64A6A1292A55AA2800CA3BA2 /* XCRemoteSwiftPackageReference "swift-collections" */ = {
			isa = XCRemoteSwiftPackageReference;
			repositoryURL = "https://github.com/apple/swift-collections.git";
			requirement = {
				kind = upToNextMajorVersion;
				minimumVersion = 1.0.0;
			};
		};
		64C5FD712A5E4906006F45F2 /* XCRemoteSwiftPackageReference "ContextMenuSwift" */ = {
			isa = XCRemoteSwiftPackageReference;
			repositoryURL = "https://github.com/umerjabbar/ContextMenuSwift";
			requirement = {
				kind = upToNextMajorVersion;
				minimumVersion = 2.0.0;
			};
		};
		64C5FD7C2A5EB06D006F45F2 /* XCRemoteSwiftPackageReference "realm-swift" */ = {
			isa = XCRemoteSwiftPackageReference;
			repositoryURL = "https://github.com/realm/realm-swift";
			requirement = {
				kind = upToNextMajorVersion;
				minimumVersion = 10.41.0;
			};
		};
		64D000712A416F20002FE32C /* XCRemoteSwiftPackageReference "firebase-ios-sdk" */ = {
			isa = XCRemoteSwiftPackageReference;
			repositoryURL = "https://github.com/firebase/firebase-ios-sdk";
			requirement = {
				kind = upToNextMajorVersion;
				minimumVersion = 10.0.0;
			};
		};
/* End XCRemoteSwiftPackageReference section */

/* Begin XCSwiftPackageProductDependency section */
		645495542A59B57A0052A2E9 /* SkeletonView */ = {
			isa = XCSwiftPackageProductDependency;
			package = 645495532A59B57A0052A2E9 /* XCRemoteSwiftPackageReference "SkeletonView" */;
			productName = SkeletonView;
		};
		64A6A12A2A55AA2900CA3BA2 /* Collections */ = {
			isa = XCSwiftPackageProductDependency;
			package = 64A6A1292A55AA2800CA3BA2 /* XCRemoteSwiftPackageReference "swift-collections" */;
			productName = Collections;
		};
		64A6A12C2A55AA2900CA3BA2 /* OrderedCollections */ = {
			isa = XCSwiftPackageProductDependency;
			package = 64A6A1292A55AA2800CA3BA2 /* XCRemoteSwiftPackageReference "swift-collections" */;
			productName = OrderedCollections;
		};
		64C5FD722A5E4906006F45F2 /* ContextMenuSwift */ = {
			isa = XCSwiftPackageProductDependency;
			package = 64C5FD712A5E4906006F45F2 /* XCRemoteSwiftPackageReference "ContextMenuSwift" */;
			productName = ContextMenuSwift;
		};
		64C5FD7D2A5EB06D006F45F2 /* Realm */ = {
			isa = XCSwiftPackageProductDependency;
			package = 64C5FD7C2A5EB06D006F45F2 /* XCRemoteSwiftPackageReference "realm-swift" */;
			productName = Realm;
		};
		64C5FD7F2A5EB06D006F45F2 /* RealmSwift */ = {
			isa = XCSwiftPackageProductDependency;
			package = 64C5FD7C2A5EB06D006F45F2 /* XCRemoteSwiftPackageReference "realm-swift" */;
			productName = RealmSwift;
		};
		64D000722A416F20002FE32C /* FirebaseAnalytics */ = {
			isa = XCSwiftPackageProductDependency;
			package = 64D000712A416F20002FE32C /* XCRemoteSwiftPackageReference "firebase-ios-sdk" */;
			productName = FirebaseAnalytics;
		};
		64D000742A416F20002FE32C /* FirebaseAnalyticsSwift */ = {
			isa = XCSwiftPackageProductDependency;
			package = 64D000712A416F20002FE32C /* XCRemoteSwiftPackageReference "firebase-ios-sdk" */;
			productName = FirebaseAnalyticsSwift;
		};
		64D000762A416F20002FE32C /* FirebaseAuth */ = {
			isa = XCSwiftPackageProductDependency;
			package = 64D000712A416F20002FE32C /* XCRemoteSwiftPackageReference "firebase-ios-sdk" */;
			productName = FirebaseAuth;
		};
		64D000782A416F20002FE32C /* FirebaseAuthCombine-Community */ = {
			isa = XCSwiftPackageProductDependency;
			package = 64D000712A416F20002FE32C /* XCRemoteSwiftPackageReference "firebase-ios-sdk" */;
			productName = "FirebaseAuthCombine-Community";
		};
		64D0007A2A416F20002FE32C /* FirebaseDatabase */ = {
			isa = XCSwiftPackageProductDependency;
			package = 64D000712A416F20002FE32C /* XCRemoteSwiftPackageReference "firebase-ios-sdk" */;
			productName = FirebaseDatabase;
		};
		64D0007C2A416F20002FE32C /* FirebaseDatabaseSwift */ = {
			isa = XCSwiftPackageProductDependency;
			package = 64D000712A416F20002FE32C /* XCRemoteSwiftPackageReference "firebase-ios-sdk" */;
			productName = FirebaseDatabaseSwift;
		};
		64D0007E2A416F20002FE32C /* FirebaseFirestore */ = {
			isa = XCSwiftPackageProductDependency;
			package = 64D000712A416F20002FE32C /* XCRemoteSwiftPackageReference "firebase-ios-sdk" */;
			productName = FirebaseFirestore;
		};
		64D000802A416F20002FE32C /* FirebaseFirestoreCombine-Community */ = {
			isa = XCSwiftPackageProductDependency;
			package = 64D000712A416F20002FE32C /* XCRemoteSwiftPackageReference "firebase-ios-sdk" */;
			productName = "FirebaseFirestoreCombine-Community";
		};
		64D000822A416F20002FE32C /* FirebaseFirestoreSwift */ = {
			isa = XCSwiftPackageProductDependency;
			package = 64D000712A416F20002FE32C /* XCRemoteSwiftPackageReference "firebase-ios-sdk" */;
			productName = FirebaseFirestoreSwift;
		};
/* End XCSwiftPackageProductDependency section */
	};
	rootObject = 6438CA872A305591003FDD2E /* Project object */;
}
